
Microsoft Visual Studio Solution File, Format Version 12.00
# Visual Studio Version 17
VisualStudioVersion = 17.0.31903.59
MinimumVisualStudioVersion = 10.0.40219.1
Project("{2150E333-8FDC-42A3-9474-1A3956D46DE8}") = "src", "src", "{827E0CD3-B72D-47B6-A68D-7590B98EB39B}"
EndProject
Project("{FAE04EC0-301F-11D3-BF4B-00C04F79EFBC}") = "AlertHub.Api", "src\AlertHub.Api\AlertHub.Api.csproj", "{C6540CA4-CEDC-4E35-91B6-0EE16528A284}"
EndProject
Project("{FAE04EC0-301F-11D3-BF4B-00C04F79EFBC}") = "AlertHub.Application", "src\AlertHub.Application\AlertHub.Application.csproj", "{E6150206-2618-4233-847E-7B3B49F82DB6}"
EndProject
Project("{FAE04EC0-301F-11D3-BF4B-00C04F79EFBC}") = "AlertHub.Contracts", "src\AlertHub.Contracts\AlertHub.Contracts.csproj", "{C0243AC4-100E-432A-A62F-D27CC5F9EBCF}"
EndProject
Project("{FAE04EC0-301F-11D3-BF4B-00C04F79EFBC}") = "AlertHub.Domain", "src\AlertHub.Domain\AlertHub.Domain.csproj", "{0961B44A-4220-46ED-A063-BBB5D1E7D4F3}"
EndProject
Project("{FAE04EC0-301F-11D3-BF4B-00C04F79EFBC}") = "AlertHub.Infrastructure", "src\AlertHub.Infrastructure\AlertHub.Infrastructure.csproj", "{EDE047CF-2157-4203-8663-C287FE0E4F2F}"
EndProject
Project("{FAE04EC0-301F-11D3-BF4B-00C04F79EFBC}") = "AlertHub.Ingest", "src\AlertHub.Ingest\AlertHub.Ingest.csproj", "{F06383A5-04E6-40AD-9DFE-8C5139E2D465}"
EndProject
Project("{FAE04EC0-301F-11D3-BF4B-00C04F79EFBC}") = "AlertHub.Migrator", "src\AlertHub.Migrator\AlertHub.Migrator.csproj", "{8AF4676C-4AE5-45FF-B1C7-BC48E15BE75A}"
EndProject
Project("{FAE04EC0-301F-11D3-BF4B-00C04F79EFBC}") = "AlertHub.Workers", "src\AlertHub.Workers\AlertHub.Workers.csproj", "{2465EEBC-AE0A-4959-AFF5-A3560DA512DE}"
EndProject
Project("{2150E333-8FDC-42A3-9474-1A3956D46DE8}") = "tests", "tests", "{0AB3BF05-4346-4AA6-1389-037BE0695223}"
EndProject
Project("{FAE04EC0-301F-11D3-BF4B-00C04F79EFBC}") = "AlertHub.Application.Tests", "tests\AlertHub.Application.Tests\AlertHub.Application.Tests.csproj", "{1C4E60A3-B5D9-46C1-B595-DBBB2C686222}"
EndProject
Project("{FAE04EC0-301F-11D3-BF4B-00C04F79EFBC}") = "AlertHub.Contract.Tests", "tests\AlertHub.Contract.Tests\AlertHub.Contract.Tests.csproj", "{EC893190-D981-40F5-B322-90F582AB6DA6}"
EndProject
Project("{FAE04EC0-301F-11D3-BF4B-00C04F79EFBC}") = "AlertHub.Domain.Tests", "tests\AlertHub.Domain.Tests\AlertHub.Domain.Tests.csproj", "{EC35003D-694D-4080-8965-5E2D050ABD9C}"
EndProject
Project("{FAE04EC0-301F-11D3-BF4B-00C04F79EFBC}") = "AlertHub.Integration.Tests", "tests\AlertHub.Integration.Tests\AlertHub.Integration.Tests.csproj", "{F1F7320C-361F-400F-B640-270BF91E743C}"
EndProject
Global
	GlobalSection(SolutionConfigurationPlatforms) = preSolution
		Debug|Any CPU = Debug|Any CPU
		Debug|x64 = Debug|x64
		Debug|x86 = Debug|x86
		Release|Any CPU = Release|Any CPU
		Release|x64 = Release|x64
		Release|x86 = Release|x86
	EndGlobalSection
	GlobalSection(ProjectConfigurationPlatforms) = postSolution
		{C6540CA4-CEDC-4E35-91B6-0EE16528A284}.Debug|Any CPU.ActiveCfg = Debug|Any CPU
		{C6540CA4-CEDC-4E35-91B6-0EE16528A284}.Debug|Any CPU.Build.0 = Debug|Any CPU
		{C6540CA4-CEDC-4E35-91B6-0EE16528A284}.Debug|x64.ActiveCfg = Debug|Any CPU
		{C6540CA4-CEDC-4E35-91B6-0EE16528A284}.Debug|x64.Build.0 = Debug|Any CPU
		{C6540CA4-CEDC-4E35-91B6-0EE16528A284}.Debug|x86.ActiveCfg = Debug|Any CPU
		{C6540CA4-CEDC-4E35-91B6-0EE16528A284}.Debug|x86.Build.0 = Debug|Any CPU
		{C6540CA4-CEDC-4E35-91B6-0EE16528A284}.Release|Any CPU.ActiveCfg = Release|Any CPU
		{C6540CA4-CEDC-4E35-91B6-0EE16528A284}.Release|Any CPU.Build.0 = Release|Any CPU
		{C6540CA4-CEDC-4E35-91B6-0EE16528A284}.Release|x64.ActiveCfg = Release|Any CPU
		{C6540CA4-CEDC-4E35-91B6-0EE16528A284}.Release|x64.Build.0 = Release|Any CPU
		{C6540CA4-CEDC-4E35-91B6-0EE16528A284}.Release|x86.ActiveCfg = Release|Any CPU
		{C6540CA4-CEDC-4E35-91B6-0EE16528A284}.Release|x86.Build.0 = Release|Any CPU
		{E6150206-2618-4233-847E-7B3B49F82DB6}.Debug|Any CPU.ActiveCfg = Debug|Any CPU
		{E6150206-2618-4233-847E-7B3B49F82DB6}.Debug|Any CPU.Build.0 = Debug|Any CPU
		{E6150206-2618-4233-847E-7B3B49F82DB6}.Debug|x64.ActiveCfg = Debug|Any CPU
		{E6150206-2618-4233-847E-7B3B49F82DB6}.Debug|x64.Build.0 = Debug|Any CPU
		{E6150206-2618-4233-847E-7B3B49F82DB6}.Debug|x86.ActiveCfg = Debug|Any CPU
		{E6150206-2618-4233-847E-7B3B49F82DB6}.Debug|x86.Build.0 = Debug|Any CPU
		{E6150206-2618-4233-847E-7B3B49F82DB6}.Release|Any CPU.ActiveCfg = Release|Any CPU
		{E6150206-2618-4233-847E-7B3B49F82DB6}.Release|Any CPU.Build.0 = Release|Any CPU
		{E6150206-2618-4233-847E-7B3B49F82DB6}.Release|x64.ActiveCfg = Release|Any CPU
		{E6150206-2618-4233-847E-7B3B49F82DB6}.Release|x64.Build.0 = Release|Any CPU
		{E6150206-2618-4233-847E-7B3B49F82DB6}.Release|x86.ActiveCfg = Release|Any CPU
		{E6150206-2618-4233-847E-7B3B49F82DB6}.Release|x86.Build.0 = Release|Any CPU
		{C0243AC4-100E-432A-A62F-D27CC5F9EBCF}.Debug|Any CPU.ActiveCfg = Debug|Any CPU
		{C0243AC4-100E-432A-A62F-D27CC5F9EBCF}.Debug|Any CPU.Build.0 = Debug|Any CPU
		{C0243AC4-100E-432A-A62F-D27CC5F9EBCF}.Debug|x64.ActiveCfg = Debug|Any CPU
		{C0243AC4-100E-432A-A62F-D27CC5F9EBCF}.Debug|x64.Build.0 = Debug|Any CPU
		{C0243AC4-100E-432A-A62F-D27CC5F9EBCF}.Debug|x86.ActiveCfg = Debug|Any CPU
		{C0243AC4-100E-432A-A62F-D27CC5F9EBCF}.Debug|x86.Build.0 = Debug|Any CPU
		{C0243AC4-100E-432A-A62F-D27CC5F9EBCF}.Release|Any CPU.ActiveCfg = Release|Any CPU
		{C0243AC4-100E-432A-A62F-D27CC5F9EBCF}.Release|Any CPU.Build.0 = Release|Any CPU
		{C0243AC4-100E-432A-A62F-D27CC5F9EBCF}.Release|x64.ActiveCfg = Release|Any CPU
		{C0243AC4-100E-432A-A62F-D27CC5F9EBCF}.Release|x64.Build.0 = Release|Any CPU
		{C0243AC4-100E-432A-A62F-D27CC5F9EBCF}.Release|x86.ActiveCfg = Release|Any CPU
		{C0243AC4-100E-432A-A62F-D27CC5F9EBCF}.Release|x86.Build.0 = Release|Any CPU
		{0961B44A-4220-46ED-A063-BBB5D1E7D4F3}.Debug|Any CPU.ActiveCfg = Debug|Any CPU
		{0961B44A-4220-46ED-A063-BBB5D1E7D4F3}.Debug|Any CPU.Build.0 = Debug|Any CPU
		{0961B44A-4220-46ED-A063-BBB5D1E7D4F3}.Debug|x64.ActiveCfg = Debug|Any CPU
		{0961B44A-4220-46ED-A063-BBB5D1E7D4F3}.Debug|x64.Build.0 = Debug|Any CPU
		{0961B44A-4220-46ED-A063-BBB5D1E7D4F3}.Debug|x86.ActiveCfg = Debug|Any CPU
		{0961B44A-4220-46ED-A063-BBB5D1E7D4F3}.Debug|x86.Build.0 = Debug|Any CPU
		{0961B44A-4220-46ED-A063-BBB5D1E7D4F3}.Release|Any CPU.ActiveCfg = Release|Any CPU
		{0961B44A-4220-46ED-A063-BBB5D1E7D4F3}.Release|Any CPU.Build.0 = Release|Any CPU
		{0961B44A-4220-46ED-A063-BBB5D1E7D4F3}.Release|x64.ActiveCfg = Release|Any CPU
		{0961B44A-4220-46ED-A063-BBB5D1E7D4F3}.Release|x64.Build.0 = Release|Any CPU
		{0961B44A-4220-46ED-A063-BBB5D1E7D4F3}.Release|x86.ActiveCfg = Release|Any CPU
		{0961B44A-4220-46ED-A063-BBB5D1E7D4F3}.Release|x86.Build.0 = Release|Any CPU
		{EDE047CF-2157-4203-8663-C287FE0E4F2F}.Debug|Any CPU.ActiveCfg = Debug|Any CPU
		{EDE047CF-2157-4203-8663-C287FE0E4F2F}.Debug|Any CPU.Build.0 = Debug|Any CPU
		{EDE047CF-2157-4203-8663-C287FE0E4F2F}.Debug|x64.ActiveCfg = Debug|Any CPU
		{EDE047CF-2157-4203-8663-C287FE0E4F2F}.Debug|x64.Build.0 = Debug|Any CPU
		{EDE047CF-2157-4203-8663-C287FE0E4F2F}.Debug|x86.ActiveCfg = Debug|Any CPU
		{EDE047CF-2157-4203-8663-C287FE0E4F2F}.Debug|x86.Build.0 = Debug|Any CPU
		{EDE047CF-2157-4203-8663-C287FE0E4F2F}.Release|Any CPU.ActiveCfg = Release|Any CPU
		{EDE047CF-2157-4203-8663-C287FE0E4F2F}.Release|Any CPU.Build.0 = Release|Any CPU
		{EDE047CF-2157-4203-8663-C287FE0E4F2F}.Release|x64.ActiveCfg = Release|Any CPU
		{EDE047CF-2157-4203-8663-C287FE0E4F2F}.Release|x64.Build.0 = Release|Any CPU
		{EDE047CF-2157-4203-8663-C287FE0E4F2F}.Release|x86.ActiveCfg = Release|Any CPU
		{EDE047CF-2157-4203-8663-C287FE0E4F2F}.Release|x86.Build.0 = Release|Any CPU
		{F06383A5-04E6-40AD-9DFE-8C5139E2D465}.Debug|Any CPU.ActiveCfg = Debug|Any CPU
		{F06383A5-04E6-40AD-9DFE-8C5139E2D465}.Debug|Any CPU.Build.0 = Debug|Any CPU
		{F06383A5-04E6-40AD-9DFE-8C5139E2D465}.Debug|x64.ActiveCfg = Debug|Any CPU
		{F06383A5-04E6-40AD-9DFE-8C5139E2D465}.Debug|x64.Build.0 = Debug|Any CPU
		{F06383A5-04E6-40AD-9DFE-8C5139E2D465}.Debug|x86.ActiveCfg = Debug|Any CPU
		{F06383A5-04E6-40AD-9DFE-8C5139E2D465}.Debug|x86.Build.0 = Debug|Any CPU
		{F06383A5-04E6-40AD-9DFE-8C5139E2D465}.Release|Any CPU.ActiveCfg = Release|Any CPU
		{F06383A5-04E6-40AD-9DFE-8C5139E2D465}.Release|Any CPU.Build.0 = Release|Any CPU
		{F06383A5-04E6-40AD-9DFE-8C5139E2D465}.Release|x64.ActiveCfg = Release|Any CPU
		{F06383A5-04E6-40AD-9DFE-8C5139E2D465}.Release|x64.Build.0 = Release|Any CPU
		{F06383A5-04E6-40AD-9DFE-8C5139E2D465}.Release|x86.ActiveCfg = Release|Any CPU
		{F06383A5-04E6-40AD-9DFE-8C5139E2D465}.Release|x86.Build.0 = Release|Any CPU
		{8AF4676C-4AE5-45FF-B1C7-BC48E15BE75A}.Debug|Any CPU.ActiveCfg = Debug|Any CPU
		{8AF4676C-4AE5-45FF-B1C7-BC48E15BE75A}.Debug|Any CPU.Build.0 = Debug|Any CPU
		{8AF4676C-4AE5-45FF-B1C7-BC48E15BE75A}.Debug|x64.ActiveCfg = Debug|Any CPU
		{8AF4676C-4AE5-45FF-B1C7-BC48E15BE75A}.Debug|x64.Build.0 = Debug|Any CPU
		{8AF4676C-4AE5-45FF-B1C7-BC48E15BE75A}.Debug|x86.ActiveCfg = Debug|Any CPU
		{8AF4676C-4AE5-45FF-B1C7-BC48E15BE75A}.Debug|x86.Build.0 = Debug|Any CPU
		{8AF4676C-4AE5-45FF-B1C7-BC48E15BE75A}.Release|Any CPU.ActiveCfg = Release|Any CPU
		{8AF4676C-4AE5-45FF-B1C7-BC48E15BE75A}.Release|Any CPU.Build.0 = Release|Any CPU
		{8AF4676C-4AE5-45FF-B1C7-BC48E15BE75A}.Release|x64.ActiveCfg = Release|Any CPU
		{8AF4676C-4AE5-45FF-B1C7-BC48E15BE75A}.Release|x64.Build.0 = Release|Any CPU
		{8AF4676C-4AE5-45FF-B1C7-BC48E15BE75A}.Release|x86.ActiveCfg = Release|Any CPU
		{8AF4676C-4AE5-45FF-B1C7-BC48E15BE75A}.Release|x86.Build.0 = Release|Any CPU
		{2465EEBC-AE0A-4959-AFF5-A3560DA512DE}.Debug|Any CPU.ActiveCfg = Debug|Any CPU
		{2465EEBC-AE0A-4959-AFF5-A3560DA512DE}.Debug|Any CPU.Build.0 = Debug|Any CPU
		{2465EEBC-AE0A-4959-AFF5-A3560DA512DE}.Debug|x64.ActiveCfg = Debug|Any CPU
		{2465EEBC-AE0A-4959-AFF5-A3560DA512DE}.Debug|x64.Build.0 = Debug|Any CPU
		{2465EEBC-AE0A-4959-AFF5-A3560DA512DE}.Debug|x86.ActiveCfg = Debug|Any CPU
		{2465EEBC-AE0A-4959-AFF5-A3560DA512DE}.Debug|x86.Build.0 = Debug|Any CPU
		{2465EEBC-AE0A-4959-AFF5-A3560DA512DE}.Release|Any CPU.ActiveCfg = Release|Any CPU
		{2465EEBC-AE0A-4959-AFF5-A3560DA512DE}.Release|Any CPU.Build.0 = Release|Any CPU
		{2465EEBC-AE0A-4959-AFF5-A3560DA512DE}.Release|x64.ActiveCfg = Release|Any CPU
		{2465EEBC-AE0A-4959-AFF5-A3560DA512DE}.Release|x64.Build.0 = Release|Any CPU
		{2465EEBC-AE0A-4959-AFF5-A3560DA512DE}.Release|x86.ActiveCfg = Release|Any CPU
		{2465EEBC-AE0A-4959-AFF5-A3560DA512DE}.Release|x86.Build.0 = Release|Any CPU
		{1C4E60A3-B5D9-46C1-B595-DBBB2C686222}.Debug|Any CPU.ActiveCfg = Debug|Any CPU
		{1C4E60A3-B5D9-46C1-B595-DBBB2C686222}.Debug|Any CPU.Build.0 = Debug|Any CPU
		{1C4E60A3-B5D9-46C1-B595-DBBB2C686222}.Debug|x64.ActiveCfg = Debug|Any CPU
		{1C4E60A3-B5D9-46C1-B595-DBBB2C686222}.Debug|x64.Build.0 = Debug|Any CPU
		{1C4E60A3-B5D9-46C1-B595-DBBB2C686222}.Debug|x86.ActiveCfg = Debug|Any CPU
		{1C4E60A3-B5D9-46C1-B595-DBBB2C686222}.Debug|x86.Build.0 = Debug|Any CPU
		{1C4E60A3-B5D9-46C1-B595-DBBB2C686222}.Release|Any CPU.ActiveCfg = Release|Any CPU
		{1C4E60A3-B5D9-46C1-B595-DBBB2C686222}.Release|Any CPU.Build.0 = Release|Any CPU
		{1C4E60A3-B5D9-46C1-B595-DBBB2C686222}.Release|x64.ActiveCfg = Release|Any CPU
		{1C4E60A3-B5D9-46C1-B595-DBBB2C686222}.Release|x64.Build.0 = Release|Any CPU
		{1C4E60A3-B5D9-46C1-B595-DBBB2C686222}.Release|x86.ActiveCfg = Release|Any CPU
		{1C4E60A3-B5D9-46C1-B595-DBBB2C686222}.Release|x86.Build.0 = Release|Any CPU
		{EC893190-D981-40F5-B322-90F582AB6DA6}.Debug|Any CPU.ActiveCfg = Debug|Any CPU
		{EC893190-D981-40F5-B322-90F582AB6DA6}.Debug|Any CPU.Build.0 = Debug|Any CPU
		{EC893190-D981-40F5-B322-90F582AB6DA6}.Debug|x64.ActiveCfg = Debug|Any CPU
		{EC893190-D981-40F5-B322-90F582AB6DA6}.Debug|x64.Build.0 = Debug|Any CPU
		{EC893190-D981-40F5-B322-90F582AB6DA6}.Debug|x86.ActiveCfg = Debug|Any CPU
		{EC893190-D981-40F5-B322-90F582AB6DA6}.Debug|x86.Build.0 = Debug|Any CPU
		{EC893190-D981-40F5-B322-90F582AB6DA6}.Release|Any CPU.ActiveCfg = Release|Any CPU
		{EC893190-D981-40F5-B322-90F582AB6DA6}.Release|Any CPU.Build.0 = Release|Any CPU
		{EC893190-D981-40F5-B322-90F582AB6DA6}.Release|x64.ActiveCfg = Release|Any CPU
		{EC893190-D981-40F5-B322-90F582AB6DA6}.Release|x64.Build.0 = Release|Any CPU
		{EC893190-D981-40F5-B322-90F582AB6DA6}.Release|x86.ActiveCfg = Release|Any CPU
		{EC893190-D981-40F5-B322-90F582AB6DA6}.Release|x86.Build.0 = Release|Any CPU
		{EC35003D-694D-4080-8965-5E2D050ABD9C}.Debug|Any CPU.ActiveCfg = Debug|Any CPU
		{EC35003D-694D-4080-8965-5E2D050ABD9C}.Debug|Any CPU.Build.0 = Debug|Any CPU
		{EC35003D-694D-4080-8965-5E2D050ABD9C}.Debug|x64.ActiveCfg = Debug|Any CPU
		{EC35003D-694D-4080-8965-5E2D050ABD9C}.Debug|x64.Build.0 = Debug|Any CPU
		{EC35003D-694D-4080-8965-5E2D050ABD9C}.Debug|x86.ActiveCfg = Debug|Any CPU
		{EC35003D-694D-4080-8965-5E2D050ABD9C}.Debug|x86.Build.0 = Debug|Any CPU
		{EC35003D-694D-4080-8965-5E2D050ABD9C}.Release|Any CPU.ActiveCfg = Release|Any CPU
		{EC35003D-694D-4080-8965-5E2D050ABD9C}.Release|Any CPU.Build.0 = Release|Any CPU
		{EC35003D-694D-4080-8965-5E2D050ABD9C}.Release|x64.ActiveCfg = Release|Any CPU
		{EC35003D-694D-4080-8965-5E2D050ABD9C}.Release|x64.Build.0 = Release|Any CPU
		{EC35003D-694D-4080-8965-5E2D050ABD9C}.Release|x86.ActiveCfg = Release|Any CPU
		{EC35003D-694D-4080-8965-5E2D050ABD9C}.Release|x86.Build.0 = Release|Any CPU
		{F1F7320C-361F-400F-B640-270BF91E743C}.Debug|Any CPU.ActiveCfg = Debug|Any CPU
		{F1F7320C-361F-400F-B640-270BF91E743C}.Debug|Any CPU.Build.0 = Debug|Any CPU
		{F1F7320C-361F-400F-B640-270BF91E743C}.Debug|x64.ActiveCfg = Debug|Any CPU
		{F1F7320C-361F-400F-B640-270BF91E743C}.Debug|x64.Build.0 = Debug|Any CPU
		{F1F7320C-361F-400F-B640-270BF91E743C}.Debug|x86.ActiveCfg = Debug|Any CPU
		{F1F7320C-361F-400F-B640-270BF91E743C}.Debug|x86.Build.0 = Debug|Any CPU
		{F1F7320C-361F-400F-B640-270BF91E743C}.Release|Any CPU.ActiveCfg = Release|Any CPU
		{F1F7320C-361F-400F-B640-270BF91E743C}.Release|Any CPU.Build.0 = Release|Any CPU
		{F1F7320C-361F-400F-B640-270BF91E743C}.Release|x64.ActiveCfg = Release|Any CPU
		{F1F7320C-361F-400F-B640-270BF91E743C}.Release|x64.Build.0 = Release|Any CPU
		{F1F7320C-361F-400F-B640-270BF91E743C}.Release|x86.ActiveCfg = Release|Any CPU
		{F1F7320C-361F-400F-B640-270BF91E743C}.Release|x86.Build.0 = Release|Any CPU
	EndGlobalSection
	GlobalSection(SolutionProperties) = preSolution
		HideSolutionNode = FALSE
	EndGlobalSection
	GlobalSection(NestedProjects) = preSolution
		{C6540CA4-CEDC-4E35-91B6-0EE16528A284} = {827E0CD3-B72D-47B6-A68D-7590B98EB39B}
		{E6150206-2618-4233-847E-7B3B49F82DB6} = {827E0CD3-B72D-47B6-A68D-7590B98EB39B}
		{C0243AC4-100E-432A-A62F-D27CC5F9EBCF} = {827E0CD3-B72D-47B6-A68D-7590B98EB39B}
		{0961B44A-4220-46ED-A063-BBB5D1E7D4F3} = {827E0CD3-B72D-47B6-A68D-7590B98EB39B}
		{EDE047CF-2157-4203-8663-C287FE0E4F2F} = {827E0CD3-B72D-47B6-A68D-7590B98EB39B}
		{F06383A5-04E6-40AD-9DFE-8C5139E2D465} = {827E0CD3-B72D-47B6-A68D-7590B98EB39B}
		{8AF4676C-4AE5-45FF-B1C7-BC48E15BE75A} = {827E0CD3-B72D-47B6-A68D-7590B98EB39B}
		{2465EEBC-AE0A-4959-AFF5-A3560DA512DE} = {827E0CD3-B72D-47B6-A68D-7590B98EB39B}
		{1C4E60A3-B5D9-46C1-B595-DBBB2C686222} = {0AB3BF05-4346-4AA6-1389-037BE0695223}
		{EC893190-D981-40F5-B322-90F582AB6DA6} = {0AB3BF05-4346-4AA6-1389-037BE0695223}
		{EC35003D-694D-4080-8965-5E2D050ABD9C} = {0AB3BF05-4346-4AA6-1389-037BE0695223}
		{F1F7320C-361F-400F-B640-270BF91E743C} = {0AB3BF05-4346-4AA6-1389-037BE0695223}
	EndGlobalSection
EndGlobal
